
Microsoft Visual Studio Solution File, Format Version 12.00
# Visual Studio Version 17
VisualStudioVersion = 17.0.31912.275
MinimumVisualStudioVersion = 10.0.40219.1
Project("{9A19103F-16F7-4668-BE54-9A1E7A4F7556}") = "PIBackEnd", "PIBackEnd\PIBackEnd.csproj", "{34A36F65-B617-4C7E-88FF-FA7E35348BAD}"
EndProject
Project("{9A19103F-16F7-4668-BE54-9A1E7A4F7556}") = "PIClassLibrary", "PIClassLibrary\PIClassLibrary.csproj", "{EC2E361F-3172-454D-86DA-8B6DCD391EF4}"
EndProject
Project("{54A90642-561A-4BB1-A94E-469ADEE60C69}") = "PISystem", "PISystem\PISystem\PISystem.esproj", "{9C2B96CB-1893-4709-9B4D-1B4C7D504481}"
EndProject
Global
	GlobalSection(SolutionConfigurationPlatforms) = preSolution
		Debug|Any CPU = Debug|Any CPU
		Release|Any CPU = Release|Any CPU
	EndGlobalSection
	GlobalSection(ProjectConfigurationPlatforms) = postSolution
		{34A36F65-B617-4C7E-88FF-FA7E35348BAD}.Debug|Any CPU.ActiveCfg = Debug|Any CPU
		{34A36F65-B617-4C7E-88FF-FA7E35348BAD}.Debug|Any CPU.Build.0 = Debug|Any CPU
		{34A36F65-B617-4C7E-88FF-FA7E35348BAD}.Release|Any CPU.ActiveCfg = Release|Any CPU
		{34A36F65-B617-4C7E-88FF-FA7E35348BAD}.Release|Any CPU.Build.0 = Release|Any CPU
		{EC2E361F-3172-454D-86DA-8B6DCD391EF4}.Debug|Any CPU.ActiveCfg = Debug|Any CPU
		{EC2E361F-3172-454D-86DA-8B6DCD391EF4}.Debug|Any CPU.Build.0 = Debug|Any CPU
		{EC2E361F-3172-454D-86DA-8B6DCD391EF4}.Release|Any CPU.ActiveCfg = Release|Any CPU
		{EC2E361F-3172-454D-86DA-8B6DCD391EF4}.Release|Any CPU.Build.0 = Release|Any CPU
		{9C2B96CB-1893-4709-9B4D-1B4C7D504481}.Debug|Any CPU.ActiveCfg = Debug|Any CPU
		{9C2B96CB-1893-4709-9B4D-1B4C7D504481}.Debug|Any CPU.Build.0 = Debug|Any CPU
		{9C2B96CB-1893-4709-9B4D-1B4C7D504481}.Debug|Any CPU.Deploy.0 = Debug|Any CPU
		{9C2B96CB-1893-4709-9B4D-1B4C7D504481}.Release|Any CPU.ActiveCfg = Release|Any CPU
		{9C2B96CB-1893-4709-9B4D-1B4C7D504481}.Release|Any CPU.Build.0 = Release|Any CPU
		{9C2B96CB-1893-4709-9B4D-1B4C7D504481}.Release|Any CPU.Deploy.0 = Release|Any CPU
	EndGlobalSection
	GlobalSection(SolutionProperties) = preSolution
		HideSolutionNode = FALSE
	EndGlobalSection
	GlobalSection(ExtensibilityGlobals) = postSolution
		SolutionGuid = {8F195421-1D69-4C3B-9D0F-E9698BD9C1E8}
	EndGlobalSection
EndGlobal
